
Microsoft Visual Studio Solution File, Format Version 12.00
# Visual Studio 2012
Project("{FAE04EC0-301F-11D3-BF4B-00C04F79EFBC}") = "MSTestPrj", "MSTestPrj\MSTestPrj.csproj", "{74ACF206-69CF-4319-BB9E-14284D0E14DB}"
EndProject
Project("{FAE04EC0-301F-11D3-BF4B-00C04F79EFBC}") = "NUnitPrj", "ClassLibrary1\NUnitPrj.csproj", "{5BB0EDBD-AB87-4DC1-916D-F90C55D0C9BA}"
EndProject
Project("{2150E333-8FDC-42A3-9474-1A3956D46DE8}") = ".nuget", ".nuget", "{8483F358-1F6A-407C-BA61-B364418F16C4}"
	ProjectSection(SolutionItems) = preProject
		.nuget\packages.config = .nuget\packages.config
	EndProjectSection
EndProject
Global
	GlobalSection(SolutionConfigurationPlatforms) = preSolution
		Debug|Any CPU = Debug|Any CPU
		Release|Any CPU = Release|Any CPU
	EndGlobalSection
	GlobalSection(ProjectConfigurationPlatforms) = postSolution
		{74ACF206-69CF-4319-BB9E-14284D0E14DB}.Debug|Any CPU.ActiveCfg = Debug|Any CPU
		{74ACF206-69CF-4319-BB9E-14284D0E14DB}.Debug|Any CPU.Build.0 = Debug|Any CPU
		{74ACF206-69CF-4319-BB9E-14284D0E14DB}.Release|Any CPU.ActiveCfg = Release|Any CPU
		{74ACF206-69CF-4319-BB9E-14284D0E14DB}.Release|Any CPU.Build.0 = Release|Any CPU
		{5BB0EDBD-AB87-4DC1-916D-F90C55D0C9BA}.Debug|Any CPU.ActiveCfg = Debug|Any CPU
		{5BB0EDBD-AB87-4DC1-916D-F90C55D0C9BA}.Debug|Any CPU.Build.0 = Debug|Any CPU
		{5BB0EDBD-AB87-4DC1-916D-F90C55D0C9BA}.Release|Any CPU.ActiveCfg = Release|Any CPU
		{5BB0EDBD-AB87-4DC1-916D-F90C55D0C9BA}.Release|Any CPU.Build.0 = Release|Any CPU
	EndGlobalSection
	GlobalSection(SolutionProperties) = preSolution
		HideSolutionNode = FALSE
	EndGlobalSection
EndGlobal
